{
  "nodes": {
    "firefox-addons": {
      "inputs": {
        "nixpkgs": [
          "nixpkgs"
        ]
      },
      "locked": {
        "dir": "pkgs/firefox-addons",
        "lastModified": 1774843378,
        "narHash": "sha256-8QLbY8F7UdxeQaW0KUVgr1/YPIupe+1lGjS5joR+ZCw=",
        "owner": "rycee",
        "repo": "nur-expressions",
        "rev": "0a31b668e3ebb599f95dc518076d709e8dddb57c",
        "type": "gitlab"
      },
      "original": {
        "dir": "pkgs/firefox-addons",
        "owner": "rycee",
        "repo": "nur-expressions",
        "type": "gitlab"
      }
    },
    "home-manager": {
      "inputs": {
        "nixpkgs": [
          "nixpkgs"
        ]
      },
      "locked": {
        "lastModified": 1774875830,
        "narHash": "sha256-WPYlTmZvVa9dWlAziFkVjBdv1Z6giNIq40O1DxsBmiI=",
        "owner": "nix-community",
        "repo": "home-manager",
        "rev": "7afd8cebb99e25a64a745765920e663478eb8830",
        "type": "github"
      },
      "original": {
        "owner": "nix-community",
        "ref": "release-25.11",
        "repo": "home-manager",
        "type": "github"
      }
    },
    "nix-darwin": {
      "inputs": {
        "nixpkgs": [
          "unstable"
        ]
      },
      "locked": {
        "lastModified": 1773000227,
        "narHash": "sha256-zm3ftUQw0MPumYi91HovoGhgyZBlM4o3Zy0LhPNwzXE=",
        "owner": "LnL7",
        "repo": "nix-darwin",
        "rev": "da529ac9e46f25ed5616fd634079a5f3c579135f",
        "type": "github"
      },
      "original": {
        "owner": "LnL7",
        "ref": "master",
        "repo": "nix-darwin",
        "type": "github"
      }
    },
    "nixpkgs": {
      "locked": {
        "lastModified": 1774799055,
        "narHash": "sha256-Tsq9BCz0q47ej1uFF39m4tuhcwru/ls6vCCJzutEpaw=",
        "owner": "nixos",
        "repo": "nixpkgs",
        "rev": "107cba9eb4a8d8c9f8e9e61266d78d340867913a",
        "type": "github"
      },
      "original": {
        "owner": "nixos",
        "ref": "nixos-25.11",
        "repo": "nixpkgs",
        "type": "github"
      }
    },
    "nixpkgs_2": {
      "locked": {
        "lastModified": 1726937504,
        "narHash": "sha256-bvGoiQBvponpZh8ClUcmJ6QnsNKw0EMrCQJARK3bI1c=",
        "owner": "NixOS",
        "repo": "nixpkgs",
        "rev": "9357f4f23713673f310988025d9dc261c20e70c6",
        "type": "github"
      },
      "original": {
        "owner": "NixOS",
        "ref": "nixos-unstable",
        "repo": "nixpkgs",
        "type": "github"
      }
    },
    "nixpkgs_3": {
      "locked": {
        "lastModified": 1726937504,
        "narHash": "sha256-bvGoiQBvponpZh8ClUcmJ6QnsNKw0EMrCQJARK3bI1c=",
        "owner": "nixos",
        "repo": "nixpkgs",
        "rev": "9357f4f23713673f310988025d9dc261c20e70c6",
        "type": "github"
      },
      "original": {
        "owner": "nixos",
        "ref": "nixos-unstable",
        "repo": "nixpkgs",
        "type": "github"
      }
    },
    "root": {
      "inputs": {
        "firefox-addons": "firefox-addons",
        "home-manager": "home-manager",
        "nix-darwin": "nix-darwin",
        "nixpkgs": "nixpkgs",
        "sesh-latest": "sesh-latest",
        "tmux-latest": "tmux-latest",
        "unstable": "unstable"
      }
    },
    "sesh-latest": {
      "inputs": {
        "nixpkgs": "nixpkgs_2"
      },
      "locked": {
        "lastModified": 1727491130,
        "narHash": "sha256-22nLd35y35sUgcWvufQS6cKzQTIZRi/RWz8fBiAlrkA=",
        "owner": "zspekt",
        "repo": "sesh.nix",
        "rev": "cb3155fb7f103f790a9981c4240d4a996e6b3827",
        "type": "github"
      },
      "original": {
        "owner": "zspekt",
        "repo": "sesh.nix",
        "type": "github"
      }
    },
    "tmux-latest": {
      "inputs": {
        "nixpkgs": "nixpkgs_3"
      },
      "locked": {
        "lastModified": 1727182342,
        "narHash": "sha256-U2a1LqbnC9uTDQbh5LzyQvveqFVJI3WecZ30mmKnp6c=",
        "owner": "zspekt",
        "repo": "tmux-latest.nix",
        "rev": "121d47859b4c3047060c126e636090519ee9dc33",
        "type": "github"
      },
      "original": {
        "owner": "zspekt",
        "repo": "tmux-latest.nix",
        "type": "github"
      }
    },
    "unstable": {
      "locked": {
        "lastModified": 1774709303,
        "narHash": "sha256-D3Q07BbIA2KnTcSXIqqu9P586uWxN74zNoCH3h2ESHg=",
        "owner": "nixos",
        "repo": "nixpkgs",
        "rev": "8110df5ad7abf5d4c0f6fb0f8f978390e77f9685",
        "type": "github"
      },
      "original": {
        "owner": "nixos",
        "ref": "nixos-unstable",
        "repo": "nixpkgs",
        "type": "github"
      }
    }
  },
  "root": "root",
  "version": 7
}
